{
  "name": "kp-astrology-geo-import",
  "lockfileVersion": 3,
  "requires": true,
  "packages": {
    "": {
      "name": "kp-astrology-geo-import",
      "dependencies": {
        "fts5-sql-bundle": "^1.0.2"
      }
    },
    "node_modules/fts5-sql-bundle": {
      "version": "1.0.2",
      "resolved": "https://registry.npmjs.org/fts5-sql-bundle/-/fts5-sql-bundle-1.0.2.tgz",
      "integrity": "sha512-C7gsO0ZCej7mdjSlV1Nku0L44cg26t1XMCIqSdLrPvWjznMgIOa1lkWgSeOp+g1qeNDF7Gldm6gyAlheykVLkQ==",
      "license": "ISC",
      "engines": {
        "node": ">=14.0.0"
      }
    }
  }
}
